// !$*UTF8*$!
{
	archiveVersion = 1;
	classes = {
	};
	objectVersion = 50;
	objects = {

/* Begin PBXBuildFile section */
		869191F02460EFFD00C24C64 /* AppDelegate.swift in Sources */ = {isa = PBXBuildFile; fileRef = 869191EF2460EFFD00C24C64 /* AppDelegate.swift */; };
		869191F22460EFFD00C24C64 /* SceneDelegate.swift in Sources */ = {isa = PBXBuildFile; fileRef = 869191F12460EFFD00C24C64 /* SceneDelegate.swift */; };
		869191F42460EFFD00C24C64 /* ViewController.swift in Sources */ = {isa = PBXBuildFile; fileRef = 869191F32460EFFD00C24C64 /* ViewController.swift */; };
		869191F72460EFFD00C24C64 /* Main.storyboard in Resources */ = {isa = PBXBuildFile; fileRef = 869191F52460EFFD00C24C64 /* Main.storyboard */; };
		869191F92460EFFF00C24C64 /* Assets.xcassets in Resources */ = {isa = PBXBuildFile; fileRef = 869191F82460EFFF00C24C64 /* Assets.xcassets */; };
		869191FC2460EFFF00C24C64 /* LaunchScreen.storyboard in Resources */ = {isa = PBXBuildFile; fileRef = 869191FA2460EFFF00C24C64 /* LaunchScreen.storyboard */; };
		869192062460F2E100C24C64 /* CameraViewController.swift in Sources */ = {isa = PBXBuildFile; fileRef = 869192052460F2E100C24C64 /* CameraViewController.swift */; };
		8691920B24618DC900C24C64 /* ImageViewController.swift in Sources */ = {isa = PBXBuildFile; fileRef = 8691920A24618DC900C24C64 /* ImageViewController.swift */; };
		8691920D2462D69100C24C64 /* classifier.mlmodel in Sources */ = {isa = PBXBuildFile; fileRef = 8691920C2462D69100C24C64 /* classifier.mlmodel */; };
/* End PBXBuildFile section */

/* Begin PBXFileReference section */
		869191EC2460EFFD00C24C64 /* Cat VS Dog.app */ = {isa = PBXFileReference; explicitFileType = wrapper.application; includeInIndex = 0; path = "Cat VS Dog.app"; sourceTree = BUILT_PRODUCTS_DIR; };
		869191EF2460EFFD00C24C64 /* AppDelegate.swift */ = {isa = PBXFileReference; lastKnownFileType = sourcecode.swift; path = AppDelegate.swift; sourceTree = "<group>"; };
		869191F12460EFFD00C24C64 /* SceneDelegate.swift */ = {isa = PBXFileReference; lastKnownFileType = sourcecode.swift; path = SceneDelegate.swift; sourceTree = "<group>"; };
		869191F32460EFFD00C24C64 /* ViewController.swift */ = {isa = PBXFileReference; lastKnownFileType = sourcecode.swift; path = ViewController.swift; sourceTree = "<group>"; };
		869191F62460EFFD00C24C64 /* Base */ = {isa = PBXFileReference; lastKnownFileType = file.storyboard; name = Base; path = Base.lproj/Main.storyboard; sourceTree = "<group>"; };
		869191F82460EFFF00C24C64 /* Assets.xcassets */ = {isa = PBXFileReference; lastKnownFileType = folder.assetcatalog; path = Assets.xcassets; sourceTree = "<group>"; };
		869191FB2460EFFF00C24C64 /* Base */ = {isa = PBXFileReference; lastKnownFileType = file.storyboard; name = Base; path = Base.lproj/LaunchScreen.storyboard; sourceTree = "<group>"; };
		869191FD2460EFFF00C24C64 /* Info.plist */ = {isa = PBXFileReference; lastKnownFileType = text.plist.xml; path = Info.plist; sourceTree = "<group>"; };
		869192052460F2E100C24C64 /* CameraViewController.swift */ = {isa = PBXFileReference; lastKnownFileType = sourcecode.swift; path = CameraViewController.swift; sourceTree = "<group>"; };
		8691920A24618DC900C24C64 /* ImageViewController.swift */ = {isa = PBXFileReference; lastKnownFileType = sourcecode.swift; path = ImageViewController.swift; sourceTree = "<group>"; };
		8691920C2462D69100C24C64 /* classifier.mlmodel */ = {isa = PBXFileReference; lastKnownFileType = file.mlmodel; path = classifier.mlmodel; sourceTree = "<group>"; };
/* End PBXFileReference section */

/* Begin PBXFrameworksBuildPhase section */
		869191E92460EFFD00C24C64 /* Frameworks */ = {
			isa = PBXFrameworksBuildPhase;
			buildActionMask = 2147483647;
			files = (
			);
			runOnlyForDeploymentPostprocessing = 0;
		};
/* End PBXFrameworksBuildPhase section */

/* Begin PBXGroup section */
		869191E32460EFFD00C24C64 = {
			isa = PBXGroup;
			children = (
				869191EE2460EFFD00C24C64 /* Cat VS Dog */,
				869191ED2460EFFD00C24C64 /* Products */,
			);
			sourceTree = "<group>";
		};
		869191ED2460EFFD00C24C64 /* Products */ = {
			isa = PBXGroup;
			children = (
				869191EC2460EFFD00C24C64 /* Cat VS Dog.app */,
			);
			name = Products;
			sourceTree = "<group>";
		};
		869191EE2460EFFD00C24C64 /* Cat VS Dog */ = {
			isa = PBXGroup;
			children = (
				869191EF2460EFFD00C24C64 /* AppDelegate.swift */,
				869191F12460EFFD00C24C64 /* SceneDelegate.swift */,
				869192072460F2FD00C24C64 /* Controller */,
				869192082460F32200C24C64 /* View */,
				869191F82460EFFF00C24C64 /* Assets.xcassets */,
				869191FD2460EFFF00C24C64 /* Info.plist */,
				869192092460F33500C24C64 /* MLModel */,
			);
			path = "Cat VS Dog";
			sourceTree = "<group>";
		};
		869192072460F2FD00C24C64 /* Controller */ = {
			isa = PBXGroup;
			children = (
				869191F32460EFFD00C24C64 /* ViewController.swift */,
				8691920A24618DC900C24C64 /* ImageViewController.swift */,
				8691920C2462D69100C24C64 /* classifier.mlmodel */,
				869192052460F2E100C24C64 /* CameraViewController.swift */,
			);
			path = Controller;
			sourceTree = "<group>";
		};
		869192082460F32200C24C64 /* View */ = {
			isa = PBXGroup;
			children = (
				869191F52460EFFD00C24C64 /* Main.storyboard */,
				869191FA2460EFFF00C24C64 /* LaunchScreen.storyboard */,
			);
			path = View;
			sourceTree = "<group>";
		};
		869192092460F33500C24C64 /* MLModel */ = {
			isa = PBXGroup;
			children = (
			);
			path = MLModel;
			sourceTree = "<group>";
		};
/* End PBXGroup section */

/* Begin PBXNativeTarget section */
		869191EB2460EFFD00C24C64 /* Cat VS Dog */ = {
			isa = PBXNativeTarget;
			buildConfigurationList = 869192002460EFFF00C24C64 /* Build configuration list for PBXNativeTarget "Cat VS Dog" */;
			buildPhases = (
				869191E82460EFFD00C24C64 /* Sources */,
				869191E92460EFFD00C24C64 /* Frameworks */,
				869191EA2460EFFD00C24C64 /* Resources */,
			);
			buildRules = (
			);
			dependencies = (
			);
			name = "Cat VS Dog";
			productName = "Cat VS Dog";
			productReference = 869191EC2460EFFD00C24C64 /* Cat VS Dog.app */;
			productType = "com.apple.product-type.application";
		};
/* End PBXNativeTarget section */

/* Begin PBXProject section */
		869191E42460EFFD00C24C64 /* Project object */ = {
			isa = PBXProject;
			attributes = {
				LastSwiftUpdateCheck = 1140;
				LastUpgradeCheck = 1140;
				ORGANIZATIONNAME = "Garima Bothra";
				TargetAttributes = {
					869191EB2460EFFD00C24C64 = {
						CreatedOnToolsVersion = 11.4.1;
					};
				};
			};
			buildConfigurationList = 869191E72460EFFD00C24C64 /* Build configuration list for PBXProject "Cat VS Dog" */;
			compatibilityVersion = "Xcode 9.3";
			developmentRegion = en;
			hasScannedForEncodings = 0;
			knownRegions = (
				en,
				Base,
			);
			mainGroup = 869191E32460EFFD00C24C64;
			productRefGroup = 869191ED2460EFFD00C24C64 /* Products */;
			projectDirPath = "";
			projectRoot = "";
			targets = (
				869191EB2460EFFD00C24C64 /* Cat VS Dog */,
			);
		};
/* End PBXProject section */

/* Begin PBXResourcesBuildPhase section */
		869191EA2460EFFD00C24C64 /* Resources */ = {
			isa = PBXResourcesBuildPhase;
			buildActionMask = 2147483647;
			files = (
				869191FC2460EFFF00C24C64 /* LaunchScreen.storyboard in Resources */,
				869191F92460EFFF00C24C64 /* Assets.xcassets in Resources */,
				869191F72460EFFD00C24C64 /* Main.storyboard in Resources */,
			);
			runOnlyForDeploymentPostprocessing = 0;
		};
/* End PBXResourcesBuildPhase section */

/* Begin PBXSourcesBuildPhase section */
		869191E82460EFFD00C24C64 /* Sources */ = {
			isa = PBXSourcesBuildPhase;
			buildActionMask = 2147483647;
			files = (
				869191F42460EFFD00C24C64 /* ViewController.swift in Sources */,
				869191F02460EFFD00C24C64 /* AppDelegate.swift in Sources */,
				869191F22460EFFD00C24C64 /* SceneDelegate.swift in Sources */,
				8691920B24618DC900C24C64 /* ImageViewController.swift in Sources */,
				869192062460F2E100C24C64 /* CameraViewController.swift in Sources */,
				8691920D2462D69100C24C64 /* classifier.mlmodel in Sources */,
			);
			runOnlyForDeploymentPostprocessing = 0;
		};
/* End PBXSourcesBuildPhase section */

/* Begin PBXVariantGroup section */
		869191F52460EFFD00C24C64 /* Main.storyboard */ = {
			isa = PBXVariantGroup;
			children = (
				869191F62460EFFD00C24C64 /* Base */,
			);
			name = Main.storyboard;
			sourceTree = "<group>";
		};
		869191FA2460EFFF00C24C64 /* LaunchScreen.storyboard */ = {
			isa = PBXVariantGroup;
			children = (
				869191FB2460EFFF00C24C64 /* Base */,
			);
			name = LaunchScreen.storyboard;
			sourceTree = "<group>";
		};
/* End PBXVariantGroup section */

/* Begin XCBuildConfiguration section */
		869191FE2460EFFF00C24C64 /* Debug */ = {
			isa = XCBuildConfiguration;
			buildSettings = {
				ALWAYS_SEARCH_USER_PATHS = NO;
				CLANG_ANALYZER_NONNULL = YES;
				CLANG_ANALYZER_NUMBER_OBJECT_CONVERSION = YES_AGGRESSIVE;
				CLANG_CXX_LANGUAGE_STANDARD = "gnu++14";
				CLANG_CXX_LIBRARY = "libc++";
				CLANG_ENABLE_MODULES = YES;
				CLANG_ENABLE_OBJC_ARC = YES;
				CLANG_ENABLE_OBJC_WEAK = YES;
				CLANG_WARN_BLOCK_CAPTURE_AUTORELEASING = YES;
				CLANG_WARN_BOOL_CONVERSION = YES;
				CLANG_WARN_COMMA = YES;
				CLANG_WARN_CONSTANT_CONVERSION = YES;
				CLANG_WARN_DEPRECATED_OBJC_IMPLEMENTATIONS = YES;
				CLANG_WARN_DIRECT_OBJC_ISA_USAGE = YES_ERROR;
				CLANG_WARN_DOCUMENTATION_COMMENTS = YES;
				CLANG_WARN_EMPTY_BODY = YES;
				CLANG_WARN_ENUM_CONVERSION = YES;
				CLANG_WARN_INFINITE_RECURSION = YES;
				CLANG_WARN_INT_CONVERSION = YES;
				CLANG_WARN_NON_LITERAL_NULL_CONVERSION = YES;
				CLANG_WARN_OBJC_IMPLICIT_RETAIN_SELF = YES;
				CLANG_WARN_OBJC_LITERAL_CONVERSION = YES;
				CLANG_WARN_OBJC_ROOT_CLASS = YES_ERROR;
				CLANG_WARN_RANGE_LOOP_ANALYSIS = YES;
				CLANG_WARN_STRICT_PROTOTYPES = YES;
				CLANG_WARN_SUSPICIOUS_MOVE = YES;
				CLANG_WARN_UNGUARDED_AVAILABILITY = YES_AGGRESSIVE;
				CLANG_WARN_UNREACHABLE_CODE = YES;
				CLANG_WARN__DUPLICATE_METHOD_MATCH = YES;
				COPY_PHASE_STRIP = NO;
				DEBUG_INFORMATION_FORMAT = dwarf;
				ENABLE_STRICT_OBJC_MSGSEND = YES;
				ENABLE_TESTABILITY = YES;
				GCC_C_LANGUAGE_STANDARD = gnu11;
				GCC_DYNAMIC_NO_PIC = NO;
				GCC_NO_COMMON_BLOCKS = YES;
				GCC_OPTIMIZATION_LEVEL = 0;
				GCC_PREPROCESSOR_DEFINITIONS = (
					"DEBUG=1",
					"$(inherited)",
				);
				GCC_WARN_64_TO_32_BIT_CONVERSION = YES;
				GCC_WARN_ABOUT_RETURN_TYPE = YES_ERROR;
				GCC_WARN_UNDECLARED_SELECTOR = YES;
				GCC_WARN_UNINITIALIZED_AUTOS = YES_AGGRESSIVE;
				GCC_WARN_UNUSED_FUNCTION = YES;
				GCC_WARN_UNUSED_VARIABLE = YES;
				IPHONEOS_DEPLOYMENT_TARGET = 13.4;
				MTL_ENABLE_DEBUG_INFO = INCLUDE_SOURCE;
				MTL_FAST_MATH = YES;
				ONLY_ACTIVE_ARCH = YES;
				SDKROOT = iphoneos;
				SWIFT_ACTIVE_COMPILATION_CONDITIONS = DEBUG;
				SWIFT_OPTIMIZATION_LEVEL = "-Onone";
			};
			name = Debug;
		};
		869191FF2460EFFF00C24C64 /* Release */ = {
			isa = XCBuildConfiguration;
			buildSettings = {
				ALWAYS_SEARCH_USER_PATHS = NO;
				CLANG_ANALYZER_NONNULL = YES;
				CLANG_ANALYZER_NUMBER_OBJECT_CONVERSION = YES_AGGRESSIVE;
				CLANG_CXX_LANGUAGE_STANDARD = "gnu++14";
				CLANG_CXX_LIBRARY = "libc++";
				CLANG_ENABLE_MODULES = YES;
				CLANG_ENABLE_OBJC_ARC = YES;
				CLANG_ENABLE_OBJC_WEAK = YES;
				CLANG_WARN_BLOCK_CAPTURE_AUTORELEASING = YES;
				CLANG_WARN_BOOL_CONVERSION = YES;
				CLANG_WARN_COMMA = YES;
				CLANG_WARN_CONSTANT_CONVERSION = YES;
				CLANG_WARN_DEPRECATED_OBJC_IMPLEMENTATIONS = YES;
				CLANG_WARN_DIRECT_OBJC_ISA_USAGE = YES_ERROR;
				CLANG_WARN_DOCUMENTATION_COMMENTS = YES;
				CLANG_WARN_EMPTY_BODY = YES;
				CLANG_WARN_ENUM_CONVERSION = YES;
				CLANG_WARN_INFINITE_RECURSION = YES;
				CLANG_WARN_INT_CONVERSION = YES;
				CLANG_WARN_NON_LITERAL_NULL_CONVERSION = YES;
				CLANG_WARN_OBJC_IMPLICIT_RETAIN_SELF = YES;
				CLANG_WARN_OBJC_LITERAL_CONVERSION = YES;
				CLANG_WARN_OBJC_ROOT_CLASS = YES_ERROR;
				CLANG_WARN_RANGE_LOOP_ANALYSIS = YES;
				CLANG_WARN_STRICT_PROTOTYPES = YES;
				CLANG_WARN_SUSPICIOUS_MOVE = YES;
				CLANG_WARN_UNGUARDED_AVAILABILITY = YES_AGGRESSIVE;
				CLANG_WARN_UNREACHABLE_CODE = YES;
				CLANG_WARN__DUPLICATE_METHOD_MATCH = YES;
				COPY_PHASE_STRIP = NO;
				DEBUG_INFORMATION_FORMAT = "dwarf-with-dsym";
				ENABLE_NS_ASSERTIONS = NO;
				ENABLE_STRICT_OBJC_MSGSEND = YES;
				GCC_C_LANGUAGE_STANDARD = gnu11;
				GCC_NO_COMMON_BLOCKS = YES;
				GCC_WARN_64_TO_32_BIT_CONVERSION = YES;
				GCC_WARN_ABOUT_RETURN_TYPE = YES_ERROR;
				GCC_WARN_UNDECLARED_SELECTOR = YES;
				GCC_WARN_UNINITIALIZED_AUTOS = YES_AGGRESSIVE;
				GCC_WARN_UNUSED_FUNCTION = YES;
				GCC_WARN_UNUSED_VARIABLE = YES;
				IPHONEOS_DEPLOYMENT_TARGET = 13.4;
				MTL_ENABLE_DEBUG_INFO = NO;
				MTL_FAST_MATH = YES;
				SDKROOT = iphoneos;
				SWIFT_COMPILATION_MODE = wholemodule;
				SWIFT_OPTIMIZATION_LEVEL = "-O";
				VALIDATE_PRODUCT = YES;
			};
			name = Release;
		};
		869192012460EFFF00C24C64 /* Debug */ = {
			isa = XCBuildConfiguration;
			buildSettings = {
				ASSETCATALOG_COMPILER_APPICON_NAME = AppIcon;
				CODE_SIGN_IDENTITY = "Apple Development";
				CODE_SIGN_STYLE = Automatic;
				DEVELOPMENT_TEAM = 33G6XV4555;
				INFOPLIST_FILE = "Cat VS Dog/Info.plist";
				LD_RUNPATH_SEARCH_PATHS = (
					"$(inherited)",
					"@executable_path/Frameworks",
				);
				PRODUCT_BUNDLE_IDENTIFIER = "com.garimabothra.Cat-VS-Dog";
				PRODUCT_NAME = "$(TARGET_NAME)";
				PROVISIONING_PROFILE_SPECIFIER = "";
				SWIFT_VERSION = 5.0;
				TARGETED_DEVICE_FAMILY = "1,2";
			};
			name = Debug;
		};
		869192022460EFFF00C24C64 /* Release */ = {
			isa = XCBuildConfiguration;
			buildSettings = {
				ASSETCATALOG_COMPILER_APPICON_NAME = AppIcon;
				CODE_SIGN_IDENTITY = "Apple Development";
				CODE_SIGN_STYLE = Automatic;
				DEVELOPMENT_TEAM = 33G6XV4555;
				INFOPLIST_FILE = "Cat VS Dog/Info.plist";
				LD_RUNPATH_SEARCH_PATHS = (
					"$(inherited)",
					"@executable_path/Frameworks",
				);
				PRODUCT_BUNDLE_IDENTIFIER = "com.garimabothra.Cat-VS-Dog";
				PRODUCT_NAME = "$(TARGET_NAME)";
				PROVISIONING_PROFILE_SPECIFIER = "";
				SWIFT_VERSION = 5.0;
				TARGETED_DEVICE_FAMILY = "1,2";
			};
			name = Release;
		};
/* End XCBuildConfiguration section */

/* Begin XCConfigurationList section */
		869191E72460EFFD00C24C64 /* Build configuration list for PBXProject "Cat VS Dog" */ = {
			isa = XCConfigurationList;
			buildConfigurations = (
				869191FE2460EFFF00C24C64 /* Debug */,
				869191FF2460EFFF00C24C64 /* Release */,
			);
			defaultConfigurationIsVisible = 0;
			defaultConfigurationName = Release;
		};
		869192002460EFFF00C24C64 /* Build configuration list for PBXNativeTarget "Cat VS Dog" */ = {
			isa = XCConfigurationList;
			buildConfigurations = (
				869192012460EFFF00C24C64 /* Debug */,
				869192022460EFFF00C24C64 /* Release */,
			);
			defaultConfigurationIsVisible = 0;
			defaultConfigurationName = Release;
		};
/* End XCConfigurationList section */
	};
	rootObject = 869191E42460EFFD00C24C64 /* Project object */;
}
